
Microsoft Visual Studio Solution File, Format Version 12.00
# Visual Studio Version 17
VisualStudioVersion = 17.5.002.0
MinimumVisualStudioVersion = 10.0.40219.1
Project("{2150E333-8FDC-42A3-9474-1A3956D46DE8}") = "src", "src", "{DC37F173-93E4-4A90-B3F7-7E03FC4287C3}"
EndProject
Project("{9A19103F-16F7-4668-BE54-9A1E7A4F7556}") = "myconsoleapp", "src\myconsoleapp\myconsoleapp.csproj", "{A70FFA0A-D58F-4BF3-BFF5-C41244A9D94C}"
EndProject
Global
	GlobalSection(SolutionConfigurationPlatforms) = preSolution
		Debug|Any CPU = Debug|Any CPU
		Release|Any CPU = Release|Any CPU
	EndGlobalSection
	GlobalSection(ProjectConfigurationPlatforms) = postSolution
		{A70FFA0A-D58F-4BF3-BFF5-C41244A9D94C}.Debug|Any CPU.ActiveCfg = Debug|Any CPU
		{A70FFA0A-D58F-4BF3-BFF5-C41244A9D94C}.Debug|Any CPU.Build.0 = Debug|Any CPU
		{A70FFA0A-D58F-4BF3-BFF5-C41244A9D94C}.Release|Any CPU.ActiveCfg = Release|Any CPU
		{A70FFA0A-D58F-4BF3-BFF5-C41244A9D94C}.Release|Any CPU.Build.0 = Release|Any CPU
	EndGlobalSection
	GlobalSection(SolutionProperties) = preSolution
		HideSolutionNode = FALSE
	EndGlobalSection
	GlobalSection(NestedProjects) = preSolution
		{A70FFA0A-D58F-4BF3-BFF5-C41244A9D94C} = {DC37F173-93E4-4A90-B3F7-7E03FC4287C3}
	EndGlobalSection
	GlobalSection(ExtensibilityGlobals) = postSolution
		SolutionGuid = {6446A49A-553D-4F05-823F-6159E11BC7EF}
	EndGlobalSection
EndGlobal
